// !$*UTF8*$!
{
	archiveVersion = 1;
	classes = {
	};
	objectVersion = 52;
	objects = {

/* Begin PBXBuildFile section */
		3D045E6224CD7A07001EEEE9 /* MovieRequest.swift in Sources */ = {isa = PBXBuildFile; fileRef = 3D045E6124CD7A07001EEEE9 /* MovieRequest.swift */; };
		3D045E6424CD7AF4001EEEE9 /* GetMovieService.swift in Sources */ = {isa = PBXBuildFile; fileRef = 3D045E6324CD7AF4001EEEE9 /* GetMovieService.swift */; };
		3D045E6624CD7DC1001EEEE9 /* Constants.swift in Sources */ = {isa = PBXBuildFile; fileRef = 3D045E6524CD7DC1001EEEE9 /* Constants.swift */; };
		3D045E6824CD8B4A001EEEE9 /* MainViewControllerLogicControllers.swift in Sources */ = {isa = PBXBuildFile; fileRef = 3D045E6724CD8B4A001EEEE9 /* MainViewControllerLogicControllers.swift */; };
		3D045E6B24CD9B2C001EEEE9 /* ItemCell.swift in Sources */ = {isa = PBXBuildFile; fileRef = 3D045E6A24CD9B2C001EEEE9 /* ItemCell.swift */; };
		3D045E6E24CD9C48001EEEE9 /* SDWebImage in Frameworks */ = {isa = PBXBuildFile; productRef = 3D045E6D24CD9C48001EEEE9 /* SDWebImage */; };
		3D045E7024CDA404001EEEE9 /* GetMoviesServiceTest.swift in Sources */ = {isa = PBXBuildFile; fileRef = 3D045E6F24CDA404001EEEE9 /* GetMoviesServiceTest.swift */; };
		3D045E7224CDA45B001EEEE9 /* MockedObjects.swift in Sources */ = {isa = PBXBuildFile; fileRef = 3D045E7124CDA45B001EEEE9 /* MockedObjects.swift */; };
		3D045E7624CDC009001EEEE9 /* MainViewControllerLogicControllerTests.swift in Sources */ = {isa = PBXBuildFile; fileRef = 3D045E7524CDC009001EEEE9 /* MainViewControllerLogicControllerTests.swift */; };
		3D2ED54224CA2DF600779973 /* AppDelegate.swift in Sources */ = {isa = PBXBuildFile; fileRef = 3D2ED54124CA2DF600779973 /* AppDelegate.swift */; };
		3D2ED54424CA2DF600779973 /* SceneDelegate.swift in Sources */ = {isa = PBXBuildFile; fileRef = 3D2ED54324CA2DF600779973 /* SceneDelegate.swift */; };
		3D2ED54624CA2DF600779973 /* MainViewController.swift in Sources */ = {isa = PBXBuildFile; fileRef = 3D2ED54524CA2DF600779973 /* MainViewController.swift */; };
		3D2ED54924CA2DF600779973 /* Main.storyboard in Resources */ = {isa = PBXBuildFile; fileRef = 3D2ED54724CA2DF600779973 /* Main.storyboard */; };
		3D2ED54B24CA2DF800779973 /* Assets.xcassets in Resources */ = {isa = PBXBuildFile; fileRef = 3D2ED54A24CA2DF800779973 /* Assets.xcassets */; };
		3D2ED54E24CA2DF800779973 /* LaunchScreen.storyboard in Resources */ = {isa = PBXBuildFile; fileRef = 3D2ED54C24CA2DF800779973 /* LaunchScreen.storyboard */; };
		3D2ED55924CA2DF800779973 /* TheMovieDBTests.swift in Sources */ = {isa = PBXBuildFile; fileRef = 3D2ED55824CA2DF800779973 /* TheMovieDBTests.swift */; };
		3D2ED56524CA2E9A00779973 /* Swinject in Frameworks */ = {isa = PBXBuildFile; productRef = 3D2ED56424CA2E9A00779973 /* Swinject */; };
		3D2ED56D24CA3D1C00779973 /* Utils.swift in Sources */ = {isa = PBXBuildFile; fileRef = 3D2ED56C24CA3D1C00779973 /* Utils.swift */; };
		3D2ED56F24CA431700779973 /* Request.swift in Sources */ = {isa = PBXBuildFile; fileRef = 3D2ED56E24CA431700779973 /* Request.swift */; };
		3D2ED57124CA434200779973 /* Response.swift in Sources */ = {isa = PBXBuildFile; fileRef = 3D2ED57024CA434200779973 /* Response.swift */; };
		3D2ED57324CA438C00779973 /* Service.swift in Sources */ = {isa = PBXBuildFile; fileRef = 3D2ED57224CA438C00779973 /* Service.swift */; };
		3D2ED57524CA43C300779973 /* Environment.swift in Sources */ = {isa = PBXBuildFile; fileRef = 3D2ED57424CA43C300779973 /* Environment.swift */; };
		3D2ED57724CA43D900779973 /* NetworkDispatcher.swift in Sources */ = {isa = PBXBuildFile; fileRef = 3D2ED57624CA43D900779973 /* NetworkDispatcher.swift */; };
		3D2ED57C24CB00FC00779973 /* Movie.swift in Sources */ = {isa = PBXBuildFile; fileRef = 3D2ED57B24CB00FC00779973 /* Movie.swift */; };
/* End PBXBuildFile section */

/* Begin PBXContainerItemProxy section */
		3D2ED55524CA2DF800779973 /* PBXContainerItemProxy */ = {
			isa = PBXContainerItemProxy;
			containerPortal = 3D2ED53624CA2DF600779973 /* Project object */;
			proxyType = 1;
			remoteGlobalIDString = 3D2ED53D24CA2DF600779973;
			remoteInfo = TheMovieDB;
		};
/* End PBXContainerItemProxy section */

/* Begin PBXFileReference section */
		3D045E6124CD7A07001EEEE9 /* MovieRequest.swift */ = {isa = PBXFileReference; lastKnownFileType = sourcecode.swift; path = MovieRequest.swift; sourceTree = "<group>"; };
		3D045E6324CD7AF4001EEEE9 /* GetMovieService.swift */ = {isa = PBXFileReference; lastKnownFileType = sourcecode.swift; path = GetMovieService.swift; sourceTree = "<group>"; };
		3D045E6524CD7DC1001EEEE9 /* Constants.swift */ = {isa = PBXFileReference; lastKnownFileType = sourcecode.swift; path = Constants.swift; sourceTree = "<group>"; };
		3D045E6724CD8B4A001EEEE9 /* MainViewControllerLogicControllers.swift */ = {isa = PBXFileReference; lastKnownFileType = sourcecode.swift; path = MainViewControllerLogicControllers.swift; sourceTree = "<group>"; };
		3D045E6A24CD9B2C001EEEE9 /* ItemCell.swift */ = {isa = PBXFileReference; lastKnownFileType = sourcecode.swift; path = ItemCell.swift; sourceTree = "<group>"; };
		3D045E6F24CDA404001EEEE9 /* GetMoviesServiceTest.swift */ = {isa = PBXFileReference; lastKnownFileType = sourcecode.swift; path = GetMoviesServiceTest.swift; sourceTree = "<group>"; };
		3D045E7124CDA45B001EEEE9 /* MockedObjects.swift */ = {isa = PBXFileReference; lastKnownFileType = sourcecode.swift; path = MockedObjects.swift; sourceTree = "<group>"; };
		3D045E7524CDC009001EEEE9 /* MainViewControllerLogicControllerTests.swift */ = {isa = PBXFileReference; lastKnownFileType = sourcecode.swift; path = MainViewControllerLogicControllerTests.swift; sourceTree = "<group>"; };
		3D2ED53E24CA2DF600779973 /* TheMovieDB.app */ = {isa = PBXFileReference; explicitFileType = wrapper.application; includeInIndex = 0; path = TheMovieDB.app; sourceTree = BUILT_PRODUCTS_DIR; };
		3D2ED54124CA2DF600779973 /* AppDelegate.swift */ = {isa = PBXFileReference; lastKnownFileType = sourcecode.swift; path = AppDelegate.swift; sourceTree = "<group>"; };
		3D2ED54324CA2DF600779973 /* SceneDelegate.swift */ = {isa = PBXFileReference; lastKnownFileType = sourcecode.swift; path = SceneDelegate.swift; sourceTree = "<group>"; };
		3D2ED54524CA2DF600779973 /* MainViewController.swift */ = {isa = PBXFileReference; lastKnownFileType = sourcecode.swift; path = MainViewController.swift; sourceTree = "<group>"; };
		3D2ED54824CA2DF600779973 /* Base */ = {isa = PBXFileReference; lastKnownFileType = file.storyboard; name = Base; path = Base.lproj/Main.storyboard; sourceTree = "<group>"; };
		3D2ED54A24CA2DF800779973 /* Assets.xcassets */ = {isa = PBXFileReference; lastKnownFileType = folder.assetcatalog; path = Assets.xcassets; sourceTree = "<group>"; };
		3D2ED54D24CA2DF800779973 /* Base */ = {isa = PBXFileReference; lastKnownFileType = file.storyboard; name = Base; path = Base.lproj/LaunchScreen.storyboard; sourceTree = "<group>"; };
		3D2ED54F24CA2DF800779973 /* Info.plist */ = {isa = PBXFileReference; lastKnownFileType = text.plist.xml; path = Info.plist; sourceTree = "<group>"; };
		3D2ED55424CA2DF800779973 /* TheMovieDBTests.xctest */ = {isa = PBXFileReference; explicitFileType = wrapper.cfbundle; includeInIndex = 0; path = TheMovieDBTests.xctest; sourceTree = BUILT_PRODUCTS_DIR; };
		3D2ED55824CA2DF800779973 /* TheMovieDBTests.swift */ = {isa = PBXFileReference; lastKnownFileType = sourcecode.swift; path = TheMovieDBTests.swift; sourceTree = "<group>"; };
		3D2ED55A24CA2DF800779973 /* Info.plist */ = {isa = PBXFileReference; lastKnownFileType = text.plist.xml; path = Info.plist; sourceTree = "<group>"; };
		3D2ED56C24CA3D1C00779973 /* Utils.swift */ = {isa = PBXFileReference; lastKnownFileType = sourcecode.swift; path = Utils.swift; sourceTree = "<group>"; };
		3D2ED56E24CA431700779973 /* Request.swift */ = {isa = PBXFileReference; lastKnownFileType = sourcecode.swift; path = Request.swift; sourceTree = "<group>"; };
		3D2ED57024CA434200779973 /* Response.swift */ = {isa = PBXFileReference; lastKnownFileType = sourcecode.swift; path = Response.swift; sourceTree = "<group>"; };
		3D2ED57224CA438C00779973 /* Service.swift */ = {isa = PBXFileReference; lastKnownFileType = sourcecode.swift; path = Service.swift; sourceTree = "<group>"; };
		3D2ED57424CA43C300779973 /* Environment.swift */ = {isa = PBXFileReference; lastKnownFileType = sourcecode.swift; path = Environment.swift; sourceTree = "<group>"; };
		3D2ED57624CA43D900779973 /* NetworkDispatcher.swift */ = {isa = PBXFileReference; lastKnownFileType = sourcecode.swift; path = NetworkDispatcher.swift; sourceTree = "<group>"; };
		3D2ED57B24CB00FC00779973 /* Movie.swift */ = {isa = PBXFileReference; lastKnownFileType = sourcecode.swift; path = Movie.swift; sourceTree = "<group>"; };
/* End PBXFileReference section */

/* Begin PBXFrameworksBuildPhase section */
		3D2ED53B24CA2DF600779973 /* Frameworks */ = {
			isa = PBXFrameworksBuildPhase;
			buildActionMask = 2147483647;
			files = (
				3D045E6E24CD9C48001EEEE9 /* SDWebImage in Frameworks */,
				3D2ED56524CA2E9A00779973 /* Swinject in Frameworks */,
			);
			runOnlyForDeploymentPostprocessing = 0;
		};
		3D2ED55124CA2DF800779973 /* Frameworks */ = {
			isa = PBXFrameworksBuildPhase;
			buildActionMask = 2147483647;
			files = (
			);
			runOnlyForDeploymentPostprocessing = 0;
		};
/* End PBXFrameworksBuildPhase section */

/* Begin PBXGroup section */
		3D045E6924CD9B21001EEEE9 /* Views */ = {
			isa = PBXGroup;
			children = (
				3D045E6A24CD9B2C001EEEE9 /* ItemCell.swift */,
			);
			name = Views;
			sourceTree = "<group>";
		};
		3D2ED53524CA2DF600779973 = {
			isa = PBXGroup;
			children = (
				3D2ED54024CA2DF600779973 /* TheMovieDB */,
				3D2ED55724CA2DF800779973 /* TheMovieDBTests */,
				3D2ED53F24CA2DF600779973 /* Products */,
			);
			sourceTree = "<group>";
		};
		3D2ED53F24CA2DF600779973 /* Products */ = {
			isa = PBXGroup;
			children = (
				3D2ED53E24CA2DF600779973 /* TheMovieDB.app */,
				3D2ED55424CA2DF800779973 /* TheMovieDBTests.xctest */,
			);
			name = Products;
			sourceTree = "<group>";
		};
		3D2ED54024CA2DF600779973 /* TheMovieDB */ = {
			isa = PBXGroup;
			children = (
				3D045E6924CD9B21001EEEE9 /* Views */,
				3D2ED56B24CA335300779973 /* Utils */,
				3D2ED56A24CA32ED00779973 /* Models */,
				3D2ED56924CA32DD00779973 /* ViewControllers */,
				3D2ED56824CA32CA00779973 /* LogicControllers */,
				3D2ED56724CA32C200779973 /* Networking */,
				3D2ED54124CA2DF600779973 /* AppDelegate.swift */,
				3D2ED54324CA2DF600779973 /* SceneDelegate.swift */,
				3D2ED54724CA2DF600779973 /* Main.storyboard */,
				3D2ED54A24CA2DF800779973 /* Assets.xcassets */,
				3D2ED54C24CA2DF800779973 /* LaunchScreen.storyboard */,
				3D2ED54F24CA2DF800779973 /* Info.plist */,
			);
			path = TheMovieDB;
			sourceTree = "<group>";
		};
		3D2ED55724CA2DF800779973 /* TheMovieDBTests */ = {
			isa = PBXGroup;
			children = (
				3D2ED55824CA2DF800779973 /* TheMovieDBTests.swift */,
				3D2ED55A24CA2DF800779973 /* Info.plist */,
				3D045E6F24CDA404001EEEE9 /* GetMoviesServiceTest.swift */,
				3D045E7124CDA45B001EEEE9 /* MockedObjects.swift */,
				3D045E7524CDC009001EEEE9 /* MainViewControllerLogicControllerTests.swift */,
			);
			path = TheMovieDBTests;
			sourceTree = "<group>";
		};
		3D2ED56724CA32C200779973 /* Networking */ = {
			isa = PBXGroup;
			children = (
				3D2ED56E24CA431700779973 /* Request.swift */,
				3D2ED57024CA434200779973 /* Response.swift */,
				3D2ED57224CA438C00779973 /* Service.swift */,
				3D2ED57424CA43C300779973 /* Environment.swift */,
				3D2ED57624CA43D900779973 /* NetworkDispatcher.swift */,
				3D045E6124CD7A07001EEEE9 /* MovieRequest.swift */,
				3D045E6324CD7AF4001EEEE9 /* GetMovieService.swift */,
			);
			name = Networking;
			sourceTree = "<group>";
		};
		3D2ED56824CA32CA00779973 /* LogicControllers */ = {
			isa = PBXGroup;
			children = (
				3D045E6724CD8B4A001EEEE9 /* MainViewControllerLogicControllers.swift */,
			);
			name = LogicControllers;
			sourceTree = "<group>";
		};
		3D2ED56924CA32DD00779973 /* ViewControllers */ = {
			isa = PBXGroup;
			children = (
				3D2ED54524CA2DF600779973 /* MainViewController.swift */,
			);
			name = ViewControllers;
			sourceTree = "<group>";
		};
		3D2ED56A24CA32ED00779973 /* Models */ = {
			isa = PBXGroup;
			children = (
				3D2ED57B24CB00FC00779973 /* Movie.swift */,
			);
			name = Models;
			sourceTree = "<group>";
		};
		3D2ED56B24CA335300779973 /* Utils */ = {
			isa = PBXGroup;
			children = (
				3D2ED56C24CA3D1C00779973 /* Utils.swift */,
				3D045E6524CD7DC1001EEEE9 /* Constants.swift */,
			);
			name = Utils;
			sourceTree = "<group>";
		};
/* End PBXGroup section */

/* Begin PBXNativeTarget section */
		3D2ED53D24CA2DF600779973 /* TheMovieDB */ = {
			isa = PBXNativeTarget;
			buildConfigurationList = 3D2ED55D24CA2DF800779973 /* Build configuration list for PBXNativeTarget "TheMovieDB" */;
			buildPhases = (
				3D2ED53A24CA2DF600779973 /* Sources */,
				3D2ED53B24CA2DF600779973 /* Frameworks */,
				3D2ED53C24CA2DF600779973 /* Resources */,
			);
			buildRules = (
			);
			dependencies = (
			);
			name = TheMovieDB;
			packageProductDependencies = (
				3D2ED56424CA2E9A00779973 /* Swinject */,
				3D045E6D24CD9C48001EEEE9 /* SDWebImage */,
			);
			productName = TheMovieDB;
			productReference = 3D2ED53E24CA2DF600779973 /* TheMovieDB.app */;
			productType = "com.apple.product-type.application";
		};
		3D2ED55324CA2DF800779973 /* TheMovieDBTests */ = {
			isa = PBXNativeTarget;
			buildConfigurationList = 3D2ED56024CA2DF800779973 /* Build configuration list for PBXNativeTarget "TheMovieDBTests" */;
			buildPhases = (
				3D2ED55024CA2DF800779973 /* Sources */,
				3D2ED55124CA2DF800779973 /* Frameworks */,
				3D2ED55224CA2DF800779973 /* Resources */,
			);
			buildRules = (
			);
			dependencies = (
				3D2ED55624CA2DF800779973 /* PBXTargetDependency */,
			);
			name = TheMovieDBTests;
			productName = TheMovieDBTests;
			productReference = 3D2ED55424CA2DF800779973 /* TheMovieDBTests.xctest */;
			productType = "com.apple.product-type.bundle.unit-test";
		};
/* End PBXNativeTarget section */

/* Begin PBXProject section */
		3D2ED53624CA2DF600779973 /* Project object */ = {
			isa = PBXProject;
			attributes = {
				LastSwiftUpdateCheck = 1150;
				LastUpgradeCheck = 1150;
				ORGANIZATIONNAME = "Nguyen, Long";
				TargetAttributes = {
					3D2ED53D24CA2DF600779973 = {
						CreatedOnToolsVersion = 11.5;
					};
					3D2ED55324CA2DF800779973 = {
						CreatedOnToolsVersion = 11.5;
						TestTargetID = 3D2ED53D24CA2DF600779973;
					};
				};
			};
			buildConfigurationList = 3D2ED53924CA2DF600779973 /* Build configuration list for PBXProject "TheMovieDB" */;
			compatibilityVersion = "Xcode 9.3";
			developmentRegion = en;
			hasScannedForEncodings = 0;
			knownRegions = (
				en,
				Base,
			);
			mainGroup = 3D2ED53524CA2DF600779973;
			packageReferences = (
				3D2ED56324CA2E9A00779973 /* XCRemoteSwiftPackageReference "Swinject" */,
				3D045E6C24CD9C48001EEEE9 /* XCRemoteSwiftPackageReference "SDWebImage" */,
			);
			productRefGroup = 3D2ED53F24CA2DF600779973 /* Products */;
			projectDirPath = "";
			projectRoot = "";
			targets = (
				3D2ED53D24CA2DF600779973 /* TheMovieDB */,
				3D2ED55324CA2DF800779973 /* TheMovieDBTests */,
			);
		};
/* End PBXProject section */

/* Begin PBXResourcesBuildPhase section */
		3D2ED53C24CA2DF600779973 /* Resources */ = {
			isa = PBXResourcesBuildPhase;
			buildActionMask = 2147483647;
			files = (
				3D2ED54E24CA2DF800779973 /* LaunchScreen.storyboard in Resources */,
				3D2ED54B24CA2DF800779973 /* Assets.xcassets in Resources */,
				3D2ED54924CA2DF600779973 /* Main.storyboard in Resources */,
			);
			runOnlyForDeploymentPostprocessing = 0;
		};
		3D2ED55224CA2DF800779973 /* Resources */ = {
			isa = PBXResourcesBuildPhase;
			buildActionMask = 2147483647;
			files = (
			);
			runOnlyForDeploymentPostprocessing = 0;
		};
/* End PBXResourcesBuildPhase section */

/* Begin PBXSourcesBuildPhase section */
		3D2ED53A24CA2DF600779973 /* Sources */ = {
			isa = PBXSourcesBuildPhase;
			buildActionMask = 2147483647;
			files = (
				3D2ED54624CA2DF600779973 /* MainViewController.swift in Sources */,
				3D045E6424CD7AF4001EEEE9 /* GetMovieService.swift in Sources */,
				3D2ED57524CA43C300779973 /* Environment.swift in Sources */,
				3D2ED57324CA438C00779973 /* Service.swift in Sources */,
				3D045E6224CD7A07001EEEE9 /* MovieRequest.swift in Sources */,
				3D2ED54224CA2DF600779973 /* AppDelegate.swift in Sources */,
				3D2ED57C24CB00FC00779973 /* Movie.swift in Sources */,
				3D045E6624CD7DC1001EEEE9 /* Constants.swift in Sources */,
				3D2ED56F24CA431700779973 /* Request.swift in Sources */,
				3D2ED54424CA2DF600779973 /* SceneDelegate.swift in Sources */,
				3D045E6824CD8B4A001EEEE9 /* MainViewControllerLogicControllers.swift in Sources */,
				3D2ED57724CA43D900779973 /* NetworkDispatcher.swift in Sources */,
				3D2ED57124CA434200779973 /* Response.swift in Sources */,
				3D2ED56D24CA3D1C00779973 /* Utils.swift in Sources */,
				3D045E6B24CD9B2C001EEEE9 /* ItemCell.swift in Sources */,
			);
			runOnlyForDeploymentPostprocessing = 0;
		};
		3D2ED55024CA2DF800779973 /* Sources */ = {
			isa = PBXSourcesBuildPhase;
			buildActionMask = 2147483647;
			files = (
				3D045E7624CDC009001EEEE9 /* MainViewControllerLogicControllerTests.swift in Sources */,
				3D2ED55924CA2DF800779973 /* TheMovieDBTests.swift in Sources */,
				3D045E7224CDA45B001EEEE9 /* MockedObjects.swift in Sources */,
				3D045E7024CDA404001EEEE9 /* GetMoviesServiceTest.swift in Sources */,
			);
			runOnlyForDeploymentPostprocessing = 0;
		};
/* End PBXSourcesBuildPhase section */

/* Begin PBXTargetDependency section */
		3D2ED55624CA2DF800779973 /* PBXTargetDependency */ = {
			isa = PBXTargetDependency;
			target = 3D2ED53D24CA2DF600779973 /* TheMovieDB */;
			targetProxy = 3D2ED55524CA2DF800779973 /* PBXContainerItemProxy */;
		};
/* End PBXTargetDependency section */

/* Begin PBXVariantGroup section */
		3D2ED54724CA2DF600779973 /* Main.storyboard */ = {
			isa = PBXVariantGroup;
			children = (
				3D2ED54824CA2DF600779973 /* Base */,
			);
			name = Main.storyboard;
			sourceTree = "<group>";
		};
		3D2ED54C24CA2DF800779973 /* LaunchScreen.storyboard */ = {
			isa = PBXVariantGroup;
			children = (
				3D2ED54D24CA2DF800779973 /* Base */,
			);
			name = LaunchScreen.storyboard;
			sourceTree = "<group>";
		};
/* End PBXVariantGroup section */

/* Begin XCBuildConfiguration section */
		3D2ED55B24CA2DF800779973 /* Debug */ = {
			isa = XCBuildConfiguration;
			buildSettings = {
				ALWAYS_SEARCH_USER_PATHS = NO;
				CLANG_ANALYZER_NONNULL = YES;
				CLANG_ANALYZER_NUMBER_OBJECT_CONVERSION = YES_AGGRESSIVE;
				CLANG_CXX_LANGUAGE_STANDARD = "gnu++14";
				CLANG_CXX_LIBRARY = "libc++";
				CLANG_ENABLE_MODULES = YES;
				CLANG_ENABLE_OBJC_ARC = YES;
				CLANG_ENABLE_OBJC_WEAK = YES;
				CLANG_WARN_BLOCK_CAPTURE_AUTORELEASING = YES;
				CLANG_WARN_BOOL_CONVERSION = YES;
				CLANG_WARN_COMMA = YES;
				CLANG_WARN_CONSTANT_CONVERSION = YES;
				CLANG_WARN_DEPRECATED_OBJC_IMPLEMENTATIONS = YES;
				CLANG_WARN_DIRECT_OBJC_ISA_USAGE = YES_ERROR;
				CLANG_WARN_DOCUMENTATION_COMMENTS = YES;
				CLANG_WARN_EMPTY_BODY = YES;
				CLANG_WARN_ENUM_CONVERSION = YES;
				CLANG_WARN_INFINITE_RECURSION = YES;
				CLANG_WARN_INT_CONVERSION = YES;
				CLANG_WARN_NON_LITERAL_NULL_CONVERSION = YES;
				CLANG_WARN_OBJC_IMPLICIT_RETAIN_SELF = YES;
				CLANG_WARN_OBJC_LITERAL_CONVERSION = YES;
				CLANG_WARN_OBJC_ROOT_CLASS = YES_ERROR;
				CLANG_WARN_RANGE_LOOP_ANALYSIS = YES;
				CLANG_WARN_STRICT_PROTOTYPES = YES;
				CLANG_WARN_SUSPICIOUS_MOVE = YES;
				CLANG_WARN_UNGUARDED_AVAILABILITY = YES_AGGRESSIVE;
				CLANG_WARN_UNREACHABLE_CODE = YES;
				CLANG_WARN__DUPLICATE_METHOD_MATCH = YES;
				COPY_PHASE_STRIP = NO;
				DEBUG_INFORMATION_FORMAT = dwarf;
				ENABLE_STRICT_OBJC_MSGSEND = YES;
				ENABLE_TESTABILITY = YES;
				GCC_C_LANGUAGE_STANDARD = gnu11;
				GCC_DYNAMIC_NO_PIC = NO;
				GCC_NO_COMMON_BLOCKS = YES;
				GCC_OPTIMIZATION_LEVEL = 0;
				GCC_PREPROCESSOR_DEFINITIONS = (
					"DEBUG=1",
					"$(inherited)",
				);
				GCC_WARN_64_TO_32_BIT_CONVERSION = YES;
				GCC_WARN_ABOUT_RETURN_TYPE = YES_ERROR;
				GCC_WARN_UNDECLARED_SELECTOR = YES;
				GCC_WARN_UNINITIALIZED_AUTOS = YES_AGGRESSIVE;
				GCC_WARN_UNUSED_FUNCTION = YES;
				GCC_WARN_UNUSED_VARIABLE = YES;
				IPHONEOS_DEPLOYMENT_TARGET = 13.5;
				MTL_ENABLE_DEBUG_INFO = INCLUDE_SOURCE;
				MTL_FAST_MATH = YES;
				ONLY_ACTIVE_ARCH = YES;
				SDKROOT = iphoneos;
				SWIFT_ACTIVE_COMPILATION_CONDITIONS = DEBUG;
				SWIFT_OPTIMIZATION_LEVEL = "-Onone";
			};
			name = Debug;
		};
		3D2ED55C24CA2DF800779973 /* Release */ = {
			isa = XCBuildConfiguration;
			buildSettings = {
				ALWAYS_SEARCH_USER_PATHS = NO;
				CLANG_ANALYZER_NONNULL = YES;
				CLANG_ANALYZER_NUMBER_OBJECT_CONVERSION = YES_AGGRESSIVE;
				CLANG_CXX_LANGUAGE_STANDARD = "gnu++14";
				CLANG_CXX_LIBRARY = "libc++";
				CLANG_ENABLE_MODULES = YES;
				CLANG_ENABLE_OBJC_ARC = YES;
				CLANG_ENABLE_OBJC_WEAK = YES;
				CLANG_WARN_BLOCK_CAPTURE_AUTORELEASING = YES;
				CLANG_WARN_BOOL_CONVERSION = YES;
				CLANG_WARN_COMMA = YES;
				CLANG_WARN_CONSTANT_CONVERSION = YES;
				CLANG_WARN_DEPRECATED_OBJC_IMPLEMENTATIONS = YES;
				CLANG_WARN_DIRECT_OBJC_ISA_USAGE = YES_ERROR;
				CLANG_WARN_DOCUMENTATION_COMMENTS = YES;
				CLANG_WARN_EMPTY_BODY = YES;
				CLANG_WARN_ENUM_CONVERSION = YES;
				CLANG_WARN_INFINITE_RECURSION = YES;
				CLANG_WARN_INT_CONVERSION = YES;
				CLANG_WARN_NON_LITERAL_NULL_CONVERSION = YES;
				CLANG_WARN_OBJC_IMPLICIT_RETAIN_SELF = YES;
				CLANG_WARN_OBJC_LITERAL_CONVERSION = YES;
				CLANG_WARN_OBJC_ROOT_CLASS = YES_ERROR;
				CLANG_WARN_RANGE_LOOP_ANALYSIS = YES;
				CLANG_WARN_STRICT_PROTOTYPES = YES;
				CLANG_WARN_SUSPICIOUS_MOVE = YES;
				CLANG_WARN_UNGUARDED_AVAILABILITY = YES_AGGRESSIVE;
				CLANG_WARN_UNREACHABLE_CODE = YES;
				CLANG_WARN__DUPLICATE_METHOD_MATCH = YES;
				COPY_PHASE_STRIP = NO;
				DEBUG_INFORMATION_FORMAT = "dwarf-with-dsym";
				ENABLE_NS_ASSERTIONS = NO;
				ENABLE_STRICT_OBJC_MSGSEND = YES;
				GCC_C_LANGUAGE_STANDARD = gnu11;
				GCC_NO_COMMON_BLOCKS = YES;
				GCC_WARN_64_TO_32_BIT_CONVERSION = YES;
				GCC_WARN_ABOUT_RETURN_TYPE = YES_ERROR;
				GCC_WARN_UNDECLARED_SELECTOR = YES;
				GCC_WARN_UNINITIALIZED_AUTOS = YES_AGGRESSIVE;
				GCC_WARN_UNUSED_FUNCTION = YES;
				GCC_WARN_UNUSED_VARIABLE = YES;
				IPHONEOS_DEPLOYMENT_TARGET = 13.5;
				MTL_ENABLE_DEBUG_INFO = NO;
				MTL_FAST_MATH = YES;
				SDKROOT = iphoneos;
				SWIFT_COMPILATION_MODE = wholemodule;
				SWIFT_OPTIMIZATION_LEVEL = "-O";
				VALIDATE_PRODUCT = YES;
			};
			name = Release;
		};
		3D2ED55E24CA2DF800779973 /* Debug */ = {
			isa = XCBuildConfiguration;
			buildSettings = {
				ASSETCATALOG_COMPILER_APPICON_NAME = AppIcon;
				CODE_SIGN_STYLE = Automatic;
				DEVELOPMENT_TEAM = ZJJXNX52NR;
				INFOPLIST_FILE = TheMovieDB/Info.plist;
				LD_RUNPATH_SEARCH_PATHS = (
					"$(inherited)",
					"@executable_path/Frameworks",
				);
				PRODUCT_BUNDLE_IDENTIFIER = com.longnguyen.TheMovieDB;
				PRODUCT_NAME = "$(TARGET_NAME)";
				SWIFT_VERSION = 5.0;
				TARGETED_DEVICE_FAMILY = "1,2";
			};
			name = Debug;
		};
		3D2ED55F24CA2DF800779973 /* Release */ = {
			isa = XCBuildConfiguration;
			buildSettings = {
				ASSETCATALOG_COMPILER_APPICON_NAME = AppIcon;
				CODE_SIGN_STYLE = Automatic;
				DEVELOPMENT_TEAM = ZJJXNX52NR;
				INFOPLIST_FILE = TheMovieDB/Info.plist;
				LD_RUNPATH_SEARCH_PATHS = (
					"$(inherited)",
					"@executable_path/Frameworks",
				);
				PRODUCT_BUNDLE_IDENTIFIER = com.longnguyen.TheMovieDB;
				PRODUCT_NAME = "$(TARGET_NAME)";
				SWIFT_VERSION = 5.0;
				TARGETED_DEVICE_FAMILY = "1,2";
			};
			name = Release;
		};
		3D2ED56124CA2DF800779973 /* Debug */ = {
			isa = XCBuildConfiguration;
			buildSettings = {
				ALWAYS_EMBED_SWIFT_STANDARD_LIBRARIES = YES;
				BUNDLE_LOADER = "$(TEST_HOST)";
				CODE_SIGN_STYLE = Automatic;
				DEVELOPMENT_TEAM = ZJJXNX52NR;
				INFOPLIST_FILE = TheMovieDBTests/Info.plist;
				IPHONEOS_DEPLOYMENT_TARGET = 13.5;
				LD_RUNPATH_SEARCH_PATHS = (
					"$(inherited)",
					"@executable_path/Frameworks",
					"@loader_path/Frameworks",
				);
				PRODUCT_BUNDLE_IDENTIFIER = com.longnguyen.TheMovieDBTests;
				PRODUCT_NAME = "$(TARGET_NAME)";
				SWIFT_VERSION = 5.0;
				TARGETED_DEVICE_FAMILY = "1,2";
				TEST_HOST = "$(BUILT_PRODUCTS_DIR)/TheMovieDB.app/TheMovieDB";
			};
			name = Debug;
		};
		3D2ED56224CA2DF800779973 /* Release */ = {
			isa = XCBuildConfiguration;
			buildSettings = {
				ALWAYS_EMBED_SWIFT_STANDARD_LIBRARIES = YES;
				BUNDLE_LOADER = "$(TEST_HOST)";
				CODE_SIGN_STYLE = Automatic;
				DEVELOPMENT_TEAM = ZJJXNX52NR;
				INFOPLIST_FILE = TheMovieDBTests/Info.plist;
				IPHONEOS_DEPLOYMENT_TARGET = 13.5;
				LD_RUNPATH_SEARCH_PATHS = (
					"$(inherited)",
					"@executable_path/Frameworks",
					"@loader_path/Frameworks",
				);
				PRODUCT_BUNDLE_IDENTIFIER = com.longnguyen.TheMovieDBTests;
				PRODUCT_NAME = "$(TARGET_NAME)";
				SWIFT_VERSION = 5.0;
				TARGETED_DEVICE_FAMILY = "1,2";
				TEST_HOST = "$(BUILT_PRODUCTS_DIR)/TheMovieDB.app/TheMovieDB";
			};
			name = Release;
		};
/* End XCBuildConfiguration section */

/* Begin XCConfigurationList section */
		3D2ED53924CA2DF600779973 /* Build configuration list for PBXProject "TheMovieDB" */ = {
			isa = XCConfigurationList;
			buildConfigurations = (
				3D2ED55B24CA2DF800779973 /* Debug */,
				3D2ED55C24CA2DF800779973 /* Release */,
			);
			defaultConfigurationIsVisible = 0;
			defaultConfigurationName = Release;
		};
		3D2ED55D24CA2DF800779973 /* Build configuration list for PBXNativeTarget "TheMovieDB" */ = {
			isa = XCConfigurationList;
			buildConfigurations = (
				3D2ED55E24CA2DF800779973 /* Debug */,
				3D2ED55F24CA2DF800779973 /* Release */,
			);
			defaultConfigurationIsVisible = 0;
			defaultConfigurationName = Release;
		};
		3D2ED56024CA2DF800779973 /* Build configuration list for PBXNativeTarget "TheMovieDBTests" */ = {
			isa = XCConfigurationList;
			buildConfigurations = (
				3D2ED56124CA2DF800779973 /* Debug */,
				3D2ED56224CA2DF800779973 /* Release */,
			);
			defaultConfigurationIsVisible = 0;
			defaultConfigurationName = Release;
		};
/* End XCConfigurationList section */

/* Begin XCRemoteSwiftPackageReference section */
		3D045E6C24CD9C48001EEEE9 /* XCRemoteSwiftPackageReference "SDWebImage" */ = {
			isa = XCRemoteSwiftPackageReference;
			repositoryURL = "https://github.com/SDWebImage/SDWebImage.git";
			requirement = {
				kind = upToNextMajorVersion;
				minimumVersion = 5.8.4;
			};
		};
		3D2ED56324CA2E9A00779973 /* XCRemoteSwiftPackageReference "Swinject" */ = {
			isa = XCRemoteSwiftPackageReference;
			repositoryURL = "https://github.com/Swinject/Swinject.git";
			requirement = {
				kind = upToNextMajorVersion;
				minimumVersion = 2.7.1;
			};
		};
/* End XCRemoteSwiftPackageReference section */

/* Begin XCSwiftPackageProductDependency section */
		3D045E6D24CD9C48001EEEE9 /* SDWebImage */ = {
			isa = XCSwiftPackageProductDependency;
			package = 3D045E6C24CD9C48001EEEE9 /* XCRemoteSwiftPackageReference "SDWebImage" */;
			productName = SDWebImage;
		};
		3D2ED56424CA2E9A00779973 /* Swinject */ = {
			isa = XCSwiftPackageProductDependency;
			package = 3D2ED56324CA2E9A00779973 /* XCRemoteSwiftPackageReference "Swinject" */;
			productName = Swinject;
		};
/* End XCSwiftPackageProductDependency section */
	};
	rootObject = 3D2ED53624CA2DF600779973 /* Project object */;
}
